
Microsoft Visual Studio Solution File, Format Version 12.00
# Visual Studio Version 17
VisualStudioVersion = 17.6.33723.286
MinimumVisualStudioVersion = 10.0.40219.1
Project("{FAE04EC0-301F-11D3-BF4B-00C04F79EFBC}") = "robotCompanions", "robotCompanions.csproj", "{BB5B87A3-C515-4F46-9D92-094024A4120B}"
EndProject
Global
	GlobalSection(SolutionConfigurationPlatforms) = preSolution
		Debug|Any CPU = Debug|Any CPU
		Release|Any CPU = Release|Any CPU
	EndGlobalSection
	GlobalSection(ProjectConfigurationPlatforms) = postSolution
		{BB5B87A3-C515-4F46-9D92-094024A4120B}.Debug|Any CPU.ActiveCfg = Debug|Any CPU
		{BB5B87A3-C515-4F46-9D92-094024A4120B}.Debug|Any CPU.Build.0 = Debug|Any CPU
		{BB5B87A3-C515-4F46-9D92-094024A4120B}.Release|Any CPU.ActiveCfg = Release|Any CPU
		{BB5B87A3-C515-4F46-9D92-094024A4120B}.Release|Any CPU.Build.0 = Release|Any CPU
	EndGlobalSection
	GlobalSection(SolutionProperties) = preSolution
		HideSolutionNode = FALSE
	EndGlobalSection
	GlobalSection(ExtensibilityGlobals) = postSolution
		SolutionGuid = {B81CBDE5-243C-43BD-AFC9-554597ADC364}
	EndGlobalSection
EndGlobal
